{
  "requires": true,
  "lockfileVersion": 1,
  "dependencies": {
    "@excaliburjs/excalibur-tiled": {
      "version": "2.3.0",
      "resolved": "https://registry.npmjs.org/@excaliburjs/excalibur-tiled/-/excalibur-tiled-2.3.0.tgz",
      "integrity": "sha512-+qoBlt6udSFetZXZo/sAzsfCYqcydZrypSzcyav8UirG3afGIjKhU2TzE8Y5CzuN7ReImz2Dga0vUi2OASyuPg=="
    },
    "excalibur": {
      "version": "0.18.0",
      "resolved": "https://registry.npmjs.org/excalibur/-/excalibur-0.18.0.tgz",
      "integrity": "sha512-riFgGzYvhvOy9aBI0gP3dRaSU1p8/n22bSJhOARdxxHkupoOWIFA6kX+Up8W+nGwNPxN0be+OzkPxpC5SwRkXg=="
    }
  }
}
